
Microsoft Visual Studio Solution File, Format Version 12.00
# Visual Studio Version 16
VisualStudioVersion = 16.0.30907.101
MinimumVisualStudioVersion = 10.0.40219.1
Project("{FAE04EC0-301F-11D3-BF4B-00C04F79EFBC}") = "PracticaLaboratorio2", "PracticaLaboratorio2.csproj", "{9175AD4C-3E77-40F1-8048-5169B8ABE335}"
EndProject
Global
	GlobalSection(SolutionConfigurationPlatforms) = preSolution
		Debug|Any CPU = Debug|Any CPU
		Release|Any CPU = Release|Any CPU
	EndGlobalSection
	GlobalSection(ProjectConfigurationPlatforms) = postSolution
		{9175AD4C-3E77-40F1-8048-5169B8ABE335}.Debug|Any CPU.ActiveCfg = Debug|Any CPU
		{9175AD4C-3E77-40F1-8048-5169B8ABE335}.Debug|Any CPU.Build.0 = Debug|Any CPU
		{9175AD4C-3E77-40F1-8048-5169B8ABE335}.Release|Any CPU.ActiveCfg = Release|Any CPU
		{9175AD4C-3E77-40F1-8048-5169B8ABE335}.Release|Any CPU.Build.0 = Release|Any CPU
	EndGlobalSection
	GlobalSection(SolutionProperties) = preSolution
		HideSolutionNode = FALSE
	EndGlobalSection
	GlobalSection(ExtensibilityGlobals) = postSolution
		SolutionGuid = {1F4A371F-DC61-479A-9945-9B0783413666}
	EndGlobalSection
EndGlobal
